
Microsoft Visual Studio Solution File, Format Version 12.00
Project("{FAE04EC0-301F-11D3-BF4B-00C04F79EFBC}") = "Domain", "Domain\Domain.csproj", "{8CA50074-7370-4622-AEA3-8BD9888A7F7C}"
EndProject
Project("{FAE04EC0-301F-11D3-BF4B-00C04F79EFBC}") = "Application", "Application\Application.csproj", "{22003F18-8434-4A64-A130-7146361441B9}"
EndProject
Project("{FAE04EC0-301F-11D3-BF4B-00C04F79EFBC}") = "Infrastructure", "Infrastructure\Infrastructure.csproj", "{1CAC7545-FC7B-430F-A9C5-3E08390D077B}"
EndProject
Project("{FAE04EC0-301F-11D3-BF4B-00C04F79EFBC}") = "Persistence", "Persistence\Persistence.csproj", "{60CE6480-B404-4A96-84E1-A41A1E586CC2}"
EndProject
Project("{FAE04EC0-301F-11D3-BF4B-00C04F79EFBC}") = "WebApi", "WebApi\WebApi.csproj", "{1DB8E6C0-9C47-4AE9-946E-5E2D734C6DEE}"
EndProject
Global
	GlobalSection(SolutionConfigurationPlatforms) = preSolution
		Debug|Any CPU = Debug|Any CPU
		Release|Any CPU = Release|Any CPU
	EndGlobalSection
	GlobalSection(ProjectConfigurationPlatforms) = postSolution
		{8CA50074-7370-4622-AEA3-8BD9888A7F7C}.Debug|Any CPU.ActiveCfg = Debug|Any CPU
		{8CA50074-7370-4622-AEA3-8BD9888A7F7C}.Debug|Any CPU.Build.0 = Debug|Any CPU
		{8CA50074-7370-4622-AEA3-8BD9888A7F7C}.Release|Any CPU.ActiveCfg = Release|Any CPU
		{8CA50074-7370-4622-AEA3-8BD9888A7F7C}.Release|Any CPU.Build.0 = Release|Any CPU
		{22003F18-8434-4A64-A130-7146361441B9}.Debug|Any CPU.ActiveCfg = Debug|Any CPU
		{22003F18-8434-4A64-A130-7146361441B9}.Debug|Any CPU.Build.0 = Debug|Any CPU
		{22003F18-8434-4A64-A130-7146361441B9}.Release|Any CPU.ActiveCfg = Release|Any CPU
		{22003F18-8434-4A64-A130-7146361441B9}.Release|Any CPU.Build.0 = Release|Any CPU
		{1CAC7545-FC7B-430F-A9C5-3E08390D077B}.Debug|Any CPU.ActiveCfg = Debug|Any CPU
		{1CAC7545-FC7B-430F-A9C5-3E08390D077B}.Debug|Any CPU.Build.0 = Debug|Any CPU
		{1CAC7545-FC7B-430F-A9C5-3E08390D077B}.Release|Any CPU.ActiveCfg = Release|Any CPU
		{1CAC7545-FC7B-430F-A9C5-3E08390D077B}.Release|Any CPU.Build.0 = Release|Any CPU
		{60CE6480-B404-4A96-84E1-A41A1E586CC2}.Debug|Any CPU.ActiveCfg = Debug|Any CPU
		{60CE6480-B404-4A96-84E1-A41A1E586CC2}.Debug|Any CPU.Build.0 = Debug|Any CPU
		{60CE6480-B404-4A96-84E1-A41A1E586CC2}.Release|Any CPU.ActiveCfg = Release|Any CPU
		{60CE6480-B404-4A96-84E1-A41A1E586CC2}.Release|Any CPU.Build.0 = Release|Any CPU
		{1DB8E6C0-9C47-4AE9-946E-5E2D734C6DEE}.Debug|Any CPU.ActiveCfg = Debug|Any CPU
		{1DB8E6C0-9C47-4AE9-946E-5E2D734C6DEE}.Debug|Any CPU.Build.0 = Debug|Any CPU
		{1DB8E6C0-9C47-4AE9-946E-5E2D734C6DEE}.Release|Any CPU.ActiveCfg = Release|Any CPU
		{1DB8E6C0-9C47-4AE9-946E-5E2D734C6DEE}.Release|Any CPU.Build.0 = Release|Any CPU
	EndGlobalSection
EndGlobal
